
Microsoft Visual Studio Solution File, Format Version 12.00
# Visual Studio Version 17
VisualStudioVersion = 17.5.33530.505
MinimumVisualStudioVersion = 10.0.40219.1
Project("{FAE04EC0-301F-11D3-BF4B-00C04F79EFBC}") = "WebApiGenerator", "WebApiGenerator\WebApiGenerator.csproj", "{D9CC60D0-F03A-4415-A917-4DFCCF7C840A}"
EndProject
Global
	GlobalSection(SolutionConfigurationPlatforms) = preSolution
		Debug|Any CPU = Debug|Any CPU
		Release|Any CPU = Release|Any CPU
	EndGlobalSection
	GlobalSection(ProjectConfigurationPlatforms) = postSolution
		{D9CC60D0-F03A-4415-A917-4DFCCF7C840A}.Debug|Any CPU.ActiveCfg = Debug|Any CPU
		{D9CC60D0-F03A-4415-A917-4DFCCF7C840A}.Debug|Any CPU.Build.0 = Debug|Any CPU
		{D9CC60D0-F03A-4415-A917-4DFCCF7C840A}.Release|Any CPU.ActiveCfg = Release|Any CPU
		{D9CC60D0-F03A-4415-A917-4DFCCF7C840A}.Release|Any CPU.Build.0 = Release|Any CPU
	EndGlobalSection
	GlobalSection(SolutionProperties) = preSolution
		HideSolutionNode = FALSE
	EndGlobalSection
	GlobalSection(ExtensibilityGlobals) = postSolution
		SolutionGuid = {9C9B822F-0317-49EB-B650-15A3C337CAF0}
	EndGlobalSection
EndGlobal
